// !$*UTF8*$!
{
	archiveVersion = 1;
	classes = {
	};
	objectVersion = 46;
	objects = {

/* Begin PBXGroup section */
		EE419A771C32C0CF00CED574 = {
			isa = PBXGroup;
			children = (
			);
			sourceTree = "<group>";
		};
/* End PBXGroup section */

/* Begin PBXProject section */
		EE419A781C32C0CF00CED574 /* Project object */ = {
			isa = PBXProject;
			attributes = {
				LastUpgradeCheck = 0720;
			};
			buildConfigurationList = EE419A7B1C32C0CF00CED574 /* Build configuration list for PBXProject "node-mifare" */;
			compatibilityVersion = "Xcode 3.2";
			developmentRegion = English;
			hasScannedForEncodings = 0;
			knownRegions = (
				en,
			);
			mainGroup = EE419A771C32C0CF00CED574;
			projectDirPath = "";
			projectRoot = "";
			targets = (
			);
		};
/* End PBXProject section */

/* Begin XCBuildConfiguration section */
		EE419A7C1C32C0CF00CED574 /* Debug */ = {
			isa = XCBuildConfiguration;
			buildSettings = {
			};
			name = Debug;
		};
		EE419A7D1C32C0CF00CED574 /* Release */ = {
			isa = XCBuildConfiguration;
			buildSettings = {
			};
			name = Release;
		};
/* End XCBuildConfiguration section */

/* Begin XCConfigurationList section */
		EE419A7B1C32C0CF00CED574 /* Build configuration list for PBXProject "node-mifare" */ = {
			isa = XCConfigurationList;
			buildConfigurations = (
				EE419A7C1C32C0CF00CED574 /* Debug */,
				EE419A7D1C32C0CF00CED574 /* Release */,
			);
			defaultConfigurationIsVisible = 0;
			defaultConfigurationName = Release;
		};
/* End XCConfigurationList section */
	};
	rootObject = EE419A781C32C0CF00CED574 /* Project object */;
}
